
Microsoft Visual Studio Solution File, Format Version 12.00
# Visual Studio 14
VisualStudioVersion = 14.0.25420.1
MinimumVisualStudioVersion = 10.0.40219.1
Project("{FAE04EC0-301F-11D3-BF4B-00C04F79EFBC}") = "ModdersToolkit", "ModdersToolkit.csproj", "{7B5C574E-3759-45FE-9468-7F2A60EBB23D}"
EndProject
Global
	GlobalSection(SolutionConfigurationPlatforms) = preSolution
		DebugClient|Any CPU = DebugClient|Any CPU
		DebugServer|Any CPU = DebugServer|Any CPU
	EndGlobalSection
	GlobalSection(ProjectConfigurationPlatforms) = postSolution
		{7B5C574E-3759-45FE-9468-7F2A60EBB23D}.DebugClient|Any CPU.ActiveCfg = DebugClient|Any CPU
		{7B5C574E-3759-45FE-9468-7F2A60EBB23D}.DebugClient|Any CPU.Build.0 = DebugClient|Any CPU
		{7B5C574E-3759-45FE-9468-7F2A60EBB23D}.DebugServer|Any CPU.ActiveCfg = DebugClient|Any CPU
		{7B5C574E-3759-45FE-9468-7F2A60EBB23D}.DebugServer|Any CPU.Build.0 = DebugClient|Any CPU
	EndGlobalSection
	GlobalSection(SolutionProperties) = preSolution
		HideSolutionNode = FALSE
	EndGlobalSection
EndGlobal
